
Microsoft Visual Studio Solution File, Format Version 12.00
# Visual Studio Version 17
VisualStudioVersion = 17.6.33829.357
MinimumVisualStudioVersion = 10.0.40219.1
Project("{2150E333-8FDC-42A3-9474-1A3956D46DE8}") = "Libraries", "Libraries", "{B88B4B17-BE84-43C7-933A-5E8EB50D408D}"
EndProject
Project("{FAE04EC0-301F-11D3-BF4B-00C04F79EFBC}") = "CommonLibrary", "Softomation\HighwaySolutions\Libraries\CommonLibrary\CommonLibrary.csproj", "{2EA5A765-E6EA-4574-89E2-C7C6529E8EE4}"
EndProject
Project("{2150E333-8FDC-42A3-9474-1A3956D46DE8}") = "WebApi", "WebApi", "{D9019CE9-8BB1-4803-A673-70D18CB96E72}"
EndProject
Project("{2150E333-8FDC-42A3-9474-1A3956D46DE8}") = "WindowsService", "WindowsService", "{521151E3-38FB-44FF-8B5A-F186F4CEDBEC}"
EndProject
Project("{2150E333-8FDC-42A3-9474-1A3956D46DE8}") = "WindowApplication", "WindowApplication", "{C91553A1-7BF4-4B67-85FC-2B847446B6B3}"
EndProject
Project("{2150E333-8FDC-42A3-9474-1A3956D46DE8}") = "WebApplication", "WebApplication", "{A7EF6D21-D8C1-48A6-A3EC-346503F08767}"
EndProject
Project("{2150E333-8FDC-42A3-9474-1A3956D46DE8}") = "SetUp", "SetUp", "{30C10762-2616-4CCD-8AB7-2AD9A4DA1E73}"
EndProject
Project("{54435603-DBB4-11D2-8724-00A0C9A8B90C}") = "PlazaServerSetUp", "Softomation\HighwaySolutions\SetUp\PlazaServerSetUp\PlazaServerSetUp.vdproj", "{8C832FB5-24D0-4ABD-A6F5-E7ED92AF4AA5}"
EndProject
Project("{54435603-DBB4-11D2-8724-00A0C9A8B90C}") = "CRServerSetUp", "Softomation\HighwaySolutions\SetUp\CRServerSetUp\CRServerSetUp.vdproj", "{24CA358A-53AD-4711-8991-A3F61196DD40}"
EndProject
Project("{54435603-DBB4-11D2-8724-00A0C9A8B90C}") = "SMSetUp", "Softomation\HighwaySolutions\SetUp\SMSetUp\SMSetUp.vdproj", "{A5A38472-67CF-42A1-968E-B7EC48E95142}"
EndProject
Project("{FAE04EC0-301F-11D3-BF4B-00C04F79EFBC}") = "ATMSRestAPI", "Softomation\HighwaySolutions\WebApi\ATMSRestAPI\ATMSRestAPI.csproj", "{FE3FAC7F-1923-4B51-9F89-4AA72921B5BC}"
EndProject
Project("{FAE04EC0-301F-11D3-BF4B-00C04F79EFBC}") = "ATMSSystemLibrary", "Softomation\HighwaySolutions\Libraries\ATMSSystemLibrary\ATMSSystemLibrary.csproj", "{686B8C11-7EA7-437E-8454-F8598EA29201}"
EndProject
Project("{FAE04EC0-301F-11D3-BF4B-00C04F79EFBC}") = "TMSSystemLibrary", "Softomation\HighwaySolutions\Libraries\TMSSystemLibrary\TMSSystemLibrary.csproj", "{C660559B-6683-4976-A72D-DE9D3F615355}"
EndProject
Project("{FAE04EC0-301F-11D3-BF4B-00C04F79EFBC}") = "TMSRestAPI", "Softomation\HighwaySolutions\WebApi\TMSRestAPI\TMSRestAPI.csproj", "{2D37C2B3-EC1C-4479-9144-333BDC6F40D3}"
EndProject
Global
	GlobalSection(SolutionConfigurationPlatforms) = preSolution
		Debug|Any CPU = Debug|Any CPU
		Release|Any CPU = Release|Any CPU
	EndGlobalSection
	GlobalSection(ProjectConfigurationPlatforms) = postSolution
		{2EA5A765-E6EA-4574-89E2-C7C6529E8EE4}.Debug|Any CPU.ActiveCfg = Debug|Any CPU
		{2EA5A765-E6EA-4574-89E2-C7C6529E8EE4}.Debug|Any CPU.Build.0 = Debug|Any CPU
		{2EA5A765-E6EA-4574-89E2-C7C6529E8EE4}.Release|Any CPU.ActiveCfg = Release|Any CPU
		{2EA5A765-E6EA-4574-89E2-C7C6529E8EE4}.Release|Any CPU.Build.0 = Release|Any CPU
		{8C832FB5-24D0-4ABD-A6F5-E7ED92AF4AA5}.Debug|Any CPU.ActiveCfg = Debug
		{8C832FB5-24D0-4ABD-A6F5-E7ED92AF4AA5}.Release|Any CPU.ActiveCfg = Release
		{24CA358A-53AD-4711-8991-A3F61196DD40}.Debug|Any CPU.ActiveCfg = Debug
		{24CA358A-53AD-4711-8991-A3F61196DD40}.Release|Any CPU.ActiveCfg = Release
		{A5A38472-67CF-42A1-968E-B7EC48E95142}.Debug|Any CPU.ActiveCfg = Debug
		{A5A38472-67CF-42A1-968E-B7EC48E95142}.Release|Any CPU.ActiveCfg = Release
		{FE3FAC7F-1923-4B51-9F89-4AA72921B5BC}.Debug|Any CPU.ActiveCfg = Debug|Any CPU
		{FE3FAC7F-1923-4B51-9F89-4AA72921B5BC}.Debug|Any CPU.Build.0 = Debug|Any CPU
		{FE3FAC7F-1923-4B51-9F89-4AA72921B5BC}.Release|Any CPU.ActiveCfg = Release|Any CPU
		{FE3FAC7F-1923-4B51-9F89-4AA72921B5BC}.Release|Any CPU.Build.0 = Release|Any CPU
		{686B8C11-7EA7-437E-8454-F8598EA29201}.Debug|Any CPU.ActiveCfg = Debug|Any CPU
		{686B8C11-7EA7-437E-8454-F8598EA29201}.Debug|Any CPU.Build.0 = Debug|Any CPU
		{686B8C11-7EA7-437E-8454-F8598EA29201}.Release|Any CPU.ActiveCfg = Release|Any CPU
		{686B8C11-7EA7-437E-8454-F8598EA29201}.Release|Any CPU.Build.0 = Release|Any CPU
		{C660559B-6683-4976-A72D-DE9D3F615355}.Debug|Any CPU.ActiveCfg = Debug|Any CPU
		{C660559B-6683-4976-A72D-DE9D3F615355}.Debug|Any CPU.Build.0 = Debug|Any CPU
		{C660559B-6683-4976-A72D-DE9D3F615355}.Release|Any CPU.ActiveCfg = Release|Any CPU
		{C660559B-6683-4976-A72D-DE9D3F615355}.Release|Any CPU.Build.0 = Release|Any CPU
		{2D37C2B3-EC1C-4479-9144-333BDC6F40D3}.Debug|Any CPU.ActiveCfg = Debug|Any CPU
		{2D37C2B3-EC1C-4479-9144-333BDC6F40D3}.Debug|Any CPU.Build.0 = Debug|Any CPU
		{2D37C2B3-EC1C-4479-9144-333BDC6F40D3}.Release|Any CPU.ActiveCfg = Release|Any CPU
		{2D37C2B3-EC1C-4479-9144-333BDC6F40D3}.Release|Any CPU.Build.0 = Release|Any CPU
	EndGlobalSection
	GlobalSection(SolutionProperties) = preSolution
		HideSolutionNode = FALSE
	EndGlobalSection
	GlobalSection(NestedProjects) = preSolution
		{2EA5A765-E6EA-4574-89E2-C7C6529E8EE4} = {B88B4B17-BE84-43C7-933A-5E8EB50D408D}
		{8C832FB5-24D0-4ABD-A6F5-E7ED92AF4AA5} = {30C10762-2616-4CCD-8AB7-2AD9A4DA1E73}
		{24CA358A-53AD-4711-8991-A3F61196DD40} = {30C10762-2616-4CCD-8AB7-2AD9A4DA1E73}
		{A5A38472-67CF-42A1-968E-B7EC48E95142} = {30C10762-2616-4CCD-8AB7-2AD9A4DA1E73}
		{FE3FAC7F-1923-4B51-9F89-4AA72921B5BC} = {D9019CE9-8BB1-4803-A673-70D18CB96E72}
		{686B8C11-7EA7-437E-8454-F8598EA29201} = {B88B4B17-BE84-43C7-933A-5E8EB50D408D}
		{C660559B-6683-4976-A72D-DE9D3F615355} = {B88B4B17-BE84-43C7-933A-5E8EB50D408D}
		{2D37C2B3-EC1C-4479-9144-333BDC6F40D3} = {D9019CE9-8BB1-4803-A673-70D18CB96E72}
	EndGlobalSection
	GlobalSection(ExtensibilityGlobals) = postSolution
		SolutionGuid = {559C6FB1-7EBF-4E94-BD73-B62FFE148F94}
	EndGlobalSection
EndGlobal
